{
  "version": 4,
  "terraform_version": "0.12.24",
  "serial": 3,
  "lineage": "73d3217a-f55a-a53d-421e-097d3ff0fc71",
  "outputs": {},
  "resources": [
    {
      "mode": "managed",
      "type": "azurerm_virtual_machine",
      "name": "CloudskilsDevVM",
      "provider": "provider.azurerm",
      "instances": [
        {
          "schema_version": 0,
          "attributes": {
            "additional_capabilities": [],
            "availability_set_id": null,
            "boot_diagnostics": [],
            "delete_data_disks_on_termination": false,
            "delete_os_disk_on_termination": false,
            "id": "/subscriptions/220284d2-6a19-4781-87f8-5c564ec4fec9/resourceGroups/CloudSkilsRG1992/providers/Microsoft.Compute/virtualMachines/cloudskillsvm",
            "identity": [],
            "license_type": null,
            "location": "eastus",
            "name": "cloudskillsvm",
            "network_interface_ids": [
              "/subscriptions/220284d2-6a19-4781-87f8-5c564ec4fec9/resourceGroups/NoBSDevOps/providers/Microsoft.Network/networkInterfaces/MVInterface"
            ],
            "os_profile": [
              {
                "admin_password": "",
                "admin_username": "azureuser",
                "computer_name": "cloudskillsdev01",
                "custom_data": ""
              }
            ],
            "os_profile_linux_config": [
              {
                "disable_password_authentication": false,
                "ssh_keys": []
              }
            ],
            "os_profile_secrets": [],
            "os_profile_windows_config": [],
            "plan": [],
            "primary_network_interface_id": null,
            "proximity_placement_group_id": null,
            "resource_group_name": "CloudSkilsRG1992",
            "storage_data_disk": [],
            "storage_image_reference": [
              {
                "id": "",
                "offer": "UbuntuServer",
                "publisher": "Canonical",
                "sku": "18.04-LTS",
                "version": "latest"
              }
            ],
            "storage_os_disk": [
              {
                "caching": "ReadWrite",
                "create_option": "FromImage",
                "disk_size_gb": 30,
                "image_uri": "",
                "managed_disk_id": "/subscriptions/220284d2-6a19-4781-87f8-5c564ec4fec9/resourceGroups/CLOUDSKILSRG1992/providers/Microsoft.Compute/disks/disk1",
                "managed_disk_type": "Standard_LRS",
                "name": "disk1",
                "os_type": "Linux",
                "vhd_uri": "",
                "write_accelerator_enabled": false
              }
            ],
            "tags": {
              "environment": "staging"
            },
            "timeouts": null,
            "vm_size": "Standard_DS1_v2",
            "zones": null
          },
          "private": "eyJlMmJmYjczMC1lY2FhLTExZTYtOGY4OC0zNDM2M2JjN2M0YzAiOnsiY3JlYXRlIjozNjAwMDAwMDAwMDAwLCJkZWxldGUiOjM2MDAwMDAwMDAwMDAsInJlYWQiOjMwMDAwMDAwMDAwMCwidXBkYXRlIjozNjAwMDAwMDAwMDAwfX0="
        }
      ]
    }
  ]
}
